{
  "name": "backend",
  "version": "0.0.1",
  "lockfileVersion": 1,
  "requires": true,
  "dependencies": {
    "nestjs-rate-limiter": {
      "version": "3.1.0",
      "resolved": "https://registry.npmjs.org/nestjs-rate-limiter/-/nestjs-rate-limiter-3.1.0.tgz",
      "integrity": "sha512-Qwr6daFvNppy038rs0iCQzX/uC3/czCC/2jATcETLIvyFmcBgySOMg7HGEquPKUZDX9lbc06Tn9L6U3QZS13HQ==",
      "requires": {
        "rate-limiter-flexible": "2.1.10"
      }
    },
    "rate-limiter-flexible": {
      "version": "2.1.10",
      "resolved": "https://registry.npmjs.org/rate-limiter-flexible/-/rate-limiter-flexible-2.1.10.tgz",
      "integrity": "sha512-Pa+8TPD4xYaiCUB5K4a/+j2FHDUe4HP1g49JmKEmkOkhqPaeVqxJsZuuVaza/svSCOT+V73vtsyBiSFK/e1yXw=="
    },
    "reflect-metadata": {
      "version": "0.1.14"
    }
  }
}
